
Microsoft Visual Studio Solution File, Format Version 12.00
# Visual Studio Version 17
VisualStudioVersion = 17.7.34018.315
MinimumVisualStudioVersion = 10.0.40219.1
Project("{FAE04EC0-301F-11D3-BF4B-00C04F79EFBC}") = "06.web_CamDo", "web_CamDo\06.web_CamDo.csproj", "{A3A8EB06-23BC-4F1F-8436-03D78D393CD3}"
EndProject
Project("{FAE04EC0-301F-11D3-BF4B-00C04F79EFBC}") = "00.MathTool", "MathTool\00.MathTool.csproj", "{A9653F59-3EC2-4D6C-825B-D7751A8D55CE}"
EndProject
Project("{FAE04EC0-301F-11D3-BF4B-00C04F79EFBC}") = "02.web_nhan", "web_nhan\02.web_nhan.csproj", "{73717CC1-6114-4584-8916-68DC1B374E94}"
EndProject
Project("{FAE04EC0-301F-11D3-BF4B-00C04F79EFBC}") = "03.web_cong_nhanh", "web_cong_nhanh\03.web_cong_nhanh.csproj", "{8F8433ED-C754-46C7-B95C-682D001CAD8B}"
EndProject
Project("{FAE04EC0-301F-11D3-BF4B-00C04F79EFBC}") = "01.web_cong", "web_cong\01.web_cong.csproj", "{958E3F4B-BEF3-4F34-B733-594A9D0E37F4}"
EndProject
Project("{FAE04EC0-301F-11D3-BF4B-00C04F79EFBC}") = "04.web test_thoithiet", "test_thoithiet\04.web test_thoithiet.csproj", "{C4504E13-37AA-43EB-A150-AF54E2F618FA}"
EndProject
Project("{FAE04EC0-301F-11D3-BF4B-00C04F79EFBC}") = "05.web_tbc", "web_tbc\05.web_tbc.csproj", "{BC82FB73-8853-4A2A-92E2-AEAC9A55AB8E}"
EndProject
Project("{FAE04EC0-301F-11D3-BF4B-00C04F79EFBC}") = "07.web_BanHang", "web_BanHang\07.web_BanHang.csproj", "{C06A4999-2F24-4629-9B75-EB8EB4591D2F}"
EndProject
Project("{FAE04EC0-301F-11D3-BF4B-00C04F79EFBC}") = "08.demo_Delete", "demo_Delete\08.demo_Delete.csproj", "{15D2602B-74F1-4329-833C-AC24DE7B92A4}"
EndProject
Project("{FAE04EC0-301F-11D3-BF4B-00C04F79EFBC}") = "09.web_nodered", "web_nodered\09.web_nodered.csproj", "{26C85AA7-D61F-4F92-BD1F-051AE94AD8F5}"
EndProject
Project("{FAE04EC0-301F-11D3-BF4B-00C04F79EFBC}") = "10.web QL_DRL", "QL_DRL\10.web QL_DRL.csproj", "{3BEE096A-1D49-4824-833D-33EFAC171DC3}"
EndProject
Project("{FAE04EC0-301F-11D3-BF4B-00C04F79EFBC}") = "11.web_iot_gui", "web_iot_gui\11.web_iot_gui.csproj", "{0D4F4F5E-1C11-4CD5-9F28-6118AE958A1B}"
EndProject
Project("{FAE04EC0-301F-11D3-BF4B-00C04F79EFBC}") = "12.web TamTien", "TamTien\12.web TamTien.csproj", "{A40E7E7B-7097-47DA-8458-EFBF25944F8C}"
EndProject
Project("{FAE04EC0-301F-11D3-BF4B-00C04F79EFBC}") = "13. do an", "do an\13. do an.csproj", "{29FB33CB-00DD-4440-992F-6EE181CD985A}"
EndProject
Project("{FAE04EC0-301F-11D3-BF4B-00C04F79EFBC}") = "14. NhapLieu", "NhapLiieu\14. NhapLieu.csproj", "{7E5C1545-A967-4E02-A751-DBE3AB008975}"
EndProject
Project("{FAE04EC0-301F-11D3-BF4B-00C04F79EFBC}") = "16.QL_Bep", "QL_Bep\16.QL_Bep.csproj", "{6E7098E2-948E-4009-89C4-83E1CEE62CAE}"
EndProject
Project("{FAE04EC0-301F-11D3-BF4B-00C04F79EFBC}") = "15.thuc_hanh_31_10_2023", "thuc_hanh_31_10_2023\15.thuc_hanh_31_10_2023.csproj", "{3CAE5565-BE3E-4BAA-8083-0918A53484DA}"
EndProject
Global
	GlobalSection(SolutionConfigurationPlatforms) = preSolution
		Debug|Any CPU = Debug|Any CPU
		Release|Any CPU = Release|Any CPU
	EndGlobalSection
	GlobalSection(ProjectConfigurationPlatforms) = postSolution
		{A3A8EB06-23BC-4F1F-8436-03D78D393CD3}.Debug|Any CPU.ActiveCfg = Debug|Any CPU
		{A3A8EB06-23BC-4F1F-8436-03D78D393CD3}.Debug|Any CPU.Build.0 = Debug|Any CPU
		{A3A8EB06-23BC-4F1F-8436-03D78D393CD3}.Release|Any CPU.ActiveCfg = Release|Any CPU
		{A3A8EB06-23BC-4F1F-8436-03D78D393CD3}.Release|Any CPU.Build.0 = Release|Any CPU
		{A9653F59-3EC2-4D6C-825B-D7751A8D55CE}.Debug|Any CPU.ActiveCfg = Debug|Any CPU
		{A9653F59-3EC2-4D6C-825B-D7751A8D55CE}.Debug|Any CPU.Build.0 = Debug|Any CPU
		{A9653F59-3EC2-4D6C-825B-D7751A8D55CE}.Release|Any CPU.ActiveCfg = Release|Any CPU
		{A9653F59-3EC2-4D6C-825B-D7751A8D55CE}.Release|Any CPU.Build.0 = Release|Any CPU
		{73717CC1-6114-4584-8916-68DC1B374E94}.Debug|Any CPU.ActiveCfg = Debug|Any CPU
		{73717CC1-6114-4584-8916-68DC1B374E94}.Debug|Any CPU.Build.0 = Debug|Any CPU
		{73717CC1-6114-4584-8916-68DC1B374E94}.Release|Any CPU.ActiveCfg = Release|Any CPU
		{73717CC1-6114-4584-8916-68DC1B374E94}.Release|Any CPU.Build.0 = Release|Any CPU
		{8F8433ED-C754-46C7-B95C-682D001CAD8B}.Debug|Any CPU.ActiveCfg = Debug|Any CPU
		{8F8433ED-C754-46C7-B95C-682D001CAD8B}.Debug|Any CPU.Build.0 = Debug|Any CPU
		{8F8433ED-C754-46C7-B95C-682D001CAD8B}.Release|Any CPU.ActiveCfg = Release|Any CPU
		{8F8433ED-C754-46C7-B95C-682D001CAD8B}.Release|Any CPU.Build.0 = Release|Any CPU
		{958E3F4B-BEF3-4F34-B733-594A9D0E37F4}.Debug|Any CPU.ActiveCfg = Debug|Any CPU
		{958E3F4B-BEF3-4F34-B733-594A9D0E37F4}.Debug|Any CPU.Build.0 = Debug|Any CPU
		{958E3F4B-BEF3-4F34-B733-594A9D0E37F4}.Release|Any CPU.ActiveCfg = Release|Any CPU
		{958E3F4B-BEF3-4F34-B733-594A9D0E37F4}.Release|Any CPU.Build.0 = Release|Any CPU
		{C4504E13-37AA-43EB-A150-AF54E2F618FA}.Debug|Any CPU.ActiveCfg = Debug|Any CPU
		{C4504E13-37AA-43EB-A150-AF54E2F618FA}.Debug|Any CPU.Build.0 = Debug|Any CPU
		{C4504E13-37AA-43EB-A150-AF54E2F618FA}.Release|Any CPU.ActiveCfg = Release|Any CPU
		{C4504E13-37AA-43EB-A150-AF54E2F618FA}.Release|Any CPU.Build.0 = Release|Any CPU
		{BC82FB73-8853-4A2A-92E2-AEAC9A55AB8E}.Debug|Any CPU.ActiveCfg = Debug|Any CPU
		{BC82FB73-8853-4A2A-92E2-AEAC9A55AB8E}.Debug|Any CPU.Build.0 = Debug|Any CPU
		{BC82FB73-8853-4A2A-92E2-AEAC9A55AB8E}.Release|Any CPU.ActiveCfg = Release|Any CPU
		{BC82FB73-8853-4A2A-92E2-AEAC9A55AB8E}.Release|Any CPU.Build.0 = Release|Any CPU
		{C06A4999-2F24-4629-9B75-EB8EB4591D2F}.Debug|Any CPU.ActiveCfg = Debug|Any CPU
		{C06A4999-2F24-4629-9B75-EB8EB4591D2F}.Debug|Any CPU.Build.0 = Debug|Any CPU
		{C06A4999-2F24-4629-9B75-EB8EB4591D2F}.Release|Any CPU.ActiveCfg = Release|Any CPU
		{C06A4999-2F24-4629-9B75-EB8EB4591D2F}.Release|Any CPU.Build.0 = Release|Any CPU
		{15D2602B-74F1-4329-833C-AC24DE7B92A4}.Debug|Any CPU.ActiveCfg = Debug|Any CPU
		{15D2602B-74F1-4329-833C-AC24DE7B92A4}.Debug|Any CPU.Build.0 = Debug|Any CPU
		{15D2602B-74F1-4329-833C-AC24DE7B92A4}.Release|Any CPU.ActiveCfg = Release|Any CPU
		{15D2602B-74F1-4329-833C-AC24DE7B92A4}.Release|Any CPU.Build.0 = Release|Any CPU
		{26C85AA7-D61F-4F92-BD1F-051AE94AD8F5}.Debug|Any CPU.ActiveCfg = Debug|Any CPU
		{26C85AA7-D61F-4F92-BD1F-051AE94AD8F5}.Debug|Any CPU.Build.0 = Debug|Any CPU
		{26C85AA7-D61F-4F92-BD1F-051AE94AD8F5}.Release|Any CPU.ActiveCfg = Release|Any CPU
		{26C85AA7-D61F-4F92-BD1F-051AE94AD8F5}.Release|Any CPU.Build.0 = Release|Any CPU
		{3BEE096A-1D49-4824-833D-33EFAC171DC3}.Debug|Any CPU.ActiveCfg = Debug|Any CPU
		{3BEE096A-1D49-4824-833D-33EFAC171DC3}.Debug|Any CPU.Build.0 = Debug|Any CPU
		{3BEE096A-1D49-4824-833D-33EFAC171DC3}.Release|Any CPU.ActiveCfg = Release|Any CPU
		{3BEE096A-1D49-4824-833D-33EFAC171DC3}.Release|Any CPU.Build.0 = Release|Any CPU
		{0D4F4F5E-1C11-4CD5-9F28-6118AE958A1B}.Debug|Any CPU.ActiveCfg = Debug|Any CPU
		{0D4F4F5E-1C11-4CD5-9F28-6118AE958A1B}.Debug|Any CPU.Build.0 = Debug|Any CPU
		{0D4F4F5E-1C11-4CD5-9F28-6118AE958A1B}.Release|Any CPU.ActiveCfg = Release|Any CPU
		{0D4F4F5E-1C11-4CD5-9F28-6118AE958A1B}.Release|Any CPU.Build.0 = Release|Any CPU
		{A40E7E7B-7097-47DA-8458-EFBF25944F8C}.Debug|Any CPU.ActiveCfg = Debug|Any CPU
		{A40E7E7B-7097-47DA-8458-EFBF25944F8C}.Debug|Any CPU.Build.0 = Debug|Any CPU
		{A40E7E7B-7097-47DA-8458-EFBF25944F8C}.Release|Any CPU.ActiveCfg = Release|Any CPU
		{A40E7E7B-7097-47DA-8458-EFBF25944F8C}.Release|Any CPU.Build.0 = Release|Any CPU
		{29FB33CB-00DD-4440-992F-6EE181CD985A}.Debug|Any CPU.ActiveCfg = Debug|Any CPU
		{29FB33CB-00DD-4440-992F-6EE181CD985A}.Debug|Any CPU.Build.0 = Debug|Any CPU
		{29FB33CB-00DD-4440-992F-6EE181CD985A}.Release|Any CPU.ActiveCfg = Release|Any CPU
		{29FB33CB-00DD-4440-992F-6EE181CD985A}.Release|Any CPU.Build.0 = Release|Any CPU
		{7E5C1545-A967-4E02-A751-DBE3AB008975}.Debug|Any CPU.ActiveCfg = Debug|Any CPU
		{7E5C1545-A967-4E02-A751-DBE3AB008975}.Debug|Any CPU.Build.0 = Debug|Any CPU
		{7E5C1545-A967-4E02-A751-DBE3AB008975}.Release|Any CPU.ActiveCfg = Release|Any CPU
		{7E5C1545-A967-4E02-A751-DBE3AB008975}.Release|Any CPU.Build.0 = Release|Any CPU
		{6E7098E2-948E-4009-89C4-83E1CEE62CAE}.Debug|Any CPU.ActiveCfg = Debug|Any CPU
		{6E7098E2-948E-4009-89C4-83E1CEE62CAE}.Debug|Any CPU.Build.0 = Debug|Any CPU
		{6E7098E2-948E-4009-89C4-83E1CEE62CAE}.Release|Any CPU.ActiveCfg = Release|Any CPU
		{6E7098E2-948E-4009-89C4-83E1CEE62CAE}.Release|Any CPU.Build.0 = Release|Any CPU
		{3CAE5565-BE3E-4BAA-8083-0918A53484DA}.Debug|Any CPU.ActiveCfg = Debug|Any CPU
		{3CAE5565-BE3E-4BAA-8083-0918A53484DA}.Debug|Any CPU.Build.0 = Debug|Any CPU
		{3CAE5565-BE3E-4BAA-8083-0918A53484DA}.Release|Any CPU.ActiveCfg = Release|Any CPU
		{3CAE5565-BE3E-4BAA-8083-0918A53484DA}.Release|Any CPU.Build.0 = Release|Any CPU
	EndGlobalSection
	GlobalSection(SolutionProperties) = preSolution
		HideSolutionNode = FALSE
	EndGlobalSection
	GlobalSection(ExtensibilityGlobals) = postSolution
		SolutionGuid = {C26866CC-D2BC-46E0-9B3F-9077BD2832A0}
	EndGlobalSection
EndGlobal
